// !$*UTF8*$!
{
	archiveVersion = 1;
	classes = {
	};
	objectVersion = 46;
	objects = {

/* Begin PBXBuildFile section */
		6BDA99B8174A818D00495703 /* blueButton.png in Resources */ = {isa = PBXBuildFile; fileRef = 6BDA99B2174A818C00495703 /* blueButton.png */; };
		6BDA99B9174A818D00495703 /* blueButtonHighlight.png in Resources */ = {isa = PBXBuildFile; fileRef = 6BDA99B3174A818C00495703 /* blueButtonHighlight.png */; };
		6BDA99BA174A818D00495703 /* MyProjectInfoViewController.m in Sources */ = {isa = PBXBuildFile; fileRef = 6BDA99B5174A818C00495703 /* MyProjectInfoViewController.m */; };
		6BDA99BB174A818D00495703 /* tanButton.png in Resources */ = {isa = PBXBuildFile; fileRef = 6BDA99B6174A818C00495703 /* tanButton.png */; };
		6BDA99BC174A818D00495703 /* tanButtonHighlight.png in Resources */ = {isa = PBXBuildFile; fileRef = 6BDA99B7174A818C00495703 /* tanButtonHighlight.png */; };
		6BDA99C8174A87C200495703 /* cellimg.png in Resources */ = {isa = PBXBuildFile; fileRef = 6BDA99BD174A87BF00495703 /* cellimg.png */; };
		6BDA99C9174A87C200495703 /* cellimg2.png in Resources */ = {isa = PBXBuildFile; fileRef = 6BDA99BE174A87BF00495703 /* cellimg2.png */; };
		6BDA99CB174A87C200495703 /* MyTasksTableViewController.m in Sources */ = {isa = PBXBuildFile; fileRef = 6BDA99C2174A87C000495703 /* MyTasksTableViewController.m */; };
		6BDA99CC174A87C200495703 /* Task.m in Sources */ = {isa = PBXBuildFile; fileRef = 6BDA99C4174A87C100495703 /* Task.m */; };
		6BDA99CD174A87C200495703 /* TaskCell.m in Sources */ = {isa = PBXBuildFile; fileRef = 6BDA99C6174A87C100495703 /* TaskCell.m */; };
		6BDA99CE174A87C200495703 /* TaskCell.xib in Resources */ = {isa = PBXBuildFile; fileRef = 6BDA99C7174A87C200495703 /* TaskCell.xib */; };
		6BDA99D1174AA3E500495703 /* User.m in Sources */ = {isa = PBXBuildFile; fileRef = 6BDA99D0174AA3E500495703 /* User.m */; };
		6BDA99D4174AACBA00495703 /* MyTaskDetailedViewController.m in Sources */ = {isa = PBXBuildFile; fileRef = 6BDA99D3174AACB900495703 /* MyTaskDetailedViewController.m */; };
		6BDA99D7174AB52B00495703 /* MyTaskEditViewController.m in Sources */ = {isa = PBXBuildFile; fileRef = 6BDA99D6174AB52A00495703 /* MyTaskEditViewController.m */; };
		6F3AD544174A8BDF001BE473 /* tasks.png in Resources */ = {isa = PBXBuildFile; fileRef = 6F3AD542174A8BDF001BE473 /* tasks.png */; };
		6F3AD545174A8BDF001BE473 /* tasks@2x.png in Resources */ = {isa = PBXBuildFile; fileRef = 6F3AD543174A8BDF001BE473 /* tasks@2x.png */; };
		6F3AD547174AC667001BE473 /* heart2.png in Resources */ = {isa = PBXBuildFile; fileRef = 6F3AD546174AC667001BE473 /* heart2.png */; };
		6F3AD54A174AD9A9001BE473 /* female.png in Resources */ = {isa = PBXBuildFile; fileRef = 6F3AD548174AD9A8001BE473 /* female.png */; };
		6F3AD54B174AD9A9001BE473 /* male.png in Resources */ = {isa = PBXBuildFile; fileRef = 6F3AD549174AD9A8001BE473 /* male.png */; };
		6F878875174932DB00B11B5B /* complete.png in Resources */ = {isa = PBXBuildFile; fileRef = 6F878874174932DB00B11B5B /* complete.png */; };
		6F878877174932FA00B11B5B /* inprogress.png in Resources */ = {isa = PBXBuildFile; fileRef = 6F878876174932FA00B11B5B /* inprogress.png */; };
		6F87887B174934CB00B11B5B /* coming.png in Resources */ = {isa = PBXBuildFile; fileRef = 6F87887A174934CB00B11B5B /* coming.png */; };
		6F87887E17493EDB00B11B5B /* MyCategorizedProjectTableViewController.m in Sources */ = {isa = PBXBuildFile; fileRef = 6F87887D17493EDB00B11B5B /* MyCategorizedProjectTableViewController.m */; };
		6F87888117495DF400B11B5B /* MyCreateProjectViewController.m in Sources */ = {isa = PBXBuildFile; fileRef = 6F87888017495DF400B11B5B /* MyCreateProjectViewController.m */; };
		6F878884174964CD00B11B5B /* MyInvitationViewController.m in Sources */ = {isa = PBXBuildFile; fileRef = 6F878882174964CD00B11B5B /* MyInvitationViewController.m */; };
		6F87888617496A8100B11B5B /* question.png in Resources */ = {isa = PBXBuildFile; fileRef = 6F87888517496A8100B11B5B /* question.png */; };
		6F8788891749778F00B11B5B /* invitations.png in Resources */ = {isa = PBXBuildFile; fileRef = 6F8788871749778F00B11B5B /* invitations.png */; };
		6F87888A1749778F00B11B5B /* invitations@2x.png in Resources */ = {isa = PBXBuildFile; fileRef = 6F8788881749778F00B11B5B /* invitations@2x.png */; };
		6FA2E0181746BDB100260EA6 /* UIKit.framework in Frameworks */ = {isa = PBXBuildFile; fileRef = 6FA2E0171746BDB100260EA6 /* UIKit.framework */; };
		6FA2E01A1746BDB100260EA6 /* Foundation.framework in Frameworks */ = {isa = PBXBuildFile; fileRef = 6FA2E0191746BDB100260EA6 /* Foundation.framework */; };
		6FA2E01C1746BDB100260EA6 /* CoreGraphics.framework in Frameworks */ = {isa = PBXBuildFile; fileRef = 6FA2E01B1746BDB100260EA6 /* CoreGraphics.framework */; };
		6FA2E0221746BDB100260EA6 /* InfoPlist.strings in Resources */ = {isa = PBXBuildFile; fileRef = 6FA2E0201746BDB100260EA6 /* InfoPlist.strings */; };
		6FA2E0241746BDB100260EA6 /* main.m in Sources */ = {isa = PBXBuildFile; fileRef = 6FA2E0231746BDB100260EA6 /* main.m */; };
		6FA2E0281746BDB100260EA6 /* MyAppDelegate.m in Sources */ = {isa = PBXBuildFile; fileRef = 6FA2E0271746BDB100260EA6 /* MyAppDelegate.m */; };
		6FA2E02A1746BDB100260EA6 /* Default.png in Resources */ = {isa = PBXBuildFile; fileRef = 6FA2E0291746BDB100260EA6 /* Default.png */; };
		6FA2E02C1746BDB100260EA6 /* Default@2x.png in Resources */ = {isa = PBXBuildFile; fileRef = 6FA2E02B1746BDB100260EA6 /* Default@2x.png */; };
		6FA2E02E1746BDB100260EA6 /* Default-568h@2x.png in Resources */ = {isa = PBXBuildFile; fileRef = 6FA2E02D1746BDB100260EA6 /* Default-568h@2x.png */; };
		6FA2E0361746BDF900260EA6 /* MyTabBarController.m in Sources */ = {isa = PBXBuildFile; fileRef = 6FA2E0351746BDF900260EA6 /* MyTabBarController.m */; };
		6FA2E03A1746BFCD00260EA6 /* MyLoginViewController.m in Sources */ = {isa = PBXBuildFile; fileRef = 6FA2E0381746BFCD00260EA6 /* MyLoginViewController.m */; };
		6FA2E03B1746BFCD00260EA6 /* MyLoginViewController.xib in Resources */ = {isa = PBXBuildFile; fileRef = 6FA2E0391746BFCD00260EA6 /* MyLoginViewController.xib */; };
		6FA2E043174738EC00260EA6 /* Security.framework in Frameworks */ = {isa = PBXBuildFile; fileRef = 6FA2E042174738EC00260EA6 /* Security.framework */; };
		6FA2E04E1747583700260EA6 /* Wallpaper_Purple.png in Resources */ = {isa = PBXBuildFile; fileRef = 6FA2E04D1747583700260EA6 /* Wallpaper_Purple.png */; };
		6FA2E0501747C5D600260EA6 /* QuartzCore.framework in Frameworks */ = {isa = PBXBuildFile; fileRef = 6FA2E04F1747C5D600260EA6 /* QuartzCore.framework */; };
		6FA2E0541747FC0200260EA6 /* MySignUpViewController.m in Sources */ = {isa = PBXBuildFile; fileRef = 6FA2E0521747FC0200260EA6 /* MySignUpViewController.m */; };
		6FA2E0551747FC0200260EA6 /* MySignUpViewController.xib in Resources */ = {isa = PBXBuildFile; fileRef = 6FA2E0531747FC0200260EA6 /* MySignUpViewController.xib */; };
		6FA2E05717480D1800260EA6 /* projmate.storyboard in Resources */ = {isa = PBXBuildFile; fileRef = 6FA2E05617480D1800260EA6 /* projmate.storyboard */; };
		6FE35E7B1748760A00535DC3 /* MySettingsViewController.m in Sources */ = {isa = PBXBuildFile; fileRef = 6FE35E791748760900535DC3 /* MySettingsViewController.m */; };
		6FE35E7C1748760A00535DC3 /* MySettingsViewController.xib in Resources */ = {isa = PBXBuildFile; fileRef = 6FE35E7A1748760900535DC3 /* MySettingsViewController.xib */; };
		6FE35E7E174876C000535DC3 /* red button.png in Resources */ = {isa = PBXBuildFile; fileRef = 6FE35E7D174876C000535DC3 /* red button.png */; };
		6FE35E8117487CE700535DC3 /* MyProjectTableViewController.m in Sources */ = {isa = PBXBuildFile; fileRef = 6FE35E8017487CE700535DC3 /* MyProjectTableViewController.m */; };
		6FE35E841748880500535DC3 /* settings.png in Resources */ = {isa = PBXBuildFile; fileRef = 6FE35E821748880400535DC3 /* settings.png */; };
		6FE35E851748880500535DC3 /* settings@2x.png in Resources */ = {isa = PBXBuildFile; fileRef = 6FE35E831748880400535DC3 /* settings@2x.png */; };
		6FE35E8817488CA300535DC3 /* projects.png in Resources */ = {isa = PBXBuildFile; fileRef = 6FE35E8617488CA300535DC3 /* projects.png */; };
		6FE35E8917488CA300535DC3 /* projects@2x.png in Resources */ = {isa = PBXBuildFile; fileRef = 6FE35E8717488CA300535DC3 /* projects@2x.png */; };
		6FE35E8B1748D05400535DC3 /* arrow.png in Resources */ = {isa = PBXBuildFile; fileRef = 6FE35E8A1748D05400535DC3 /* arrow.png */; };
		6FE35E8D1748D28400535DC3 /* heart.png in Resources */ = {isa = PBXBuildFile; fileRef = 6FE35E8C1748D28400535DC3 /* heart.png */; };
		6FE35E8F1748D2CE00535DC3 /* check.png in Resources */ = {isa = PBXBuildFile; fileRef = 6FE35E8E1748D2CD00535DC3 /* check.png */; };
		6FE35E911748D31E00535DC3 /* exclamation.png in Resources */ = {isa = PBXBuildFile; fileRef = 6FE35E901748D31E00535DC3 /* exclamation.png */; };
		6FE35E941748D65000535DC3 /* MyProject.m in Sources */ = {isa = PBXBuildFile; fileRef = 6FE35E931748D65000535DC3 /* MyProject.m */; };
/* End PBXBuildFile section */

/* Begin PBXFileReference section */
		6BDA99B2174A818C00495703 /* blueButton.png */ = {isa = PBXFileReference; lastKnownFileType = image.png; path = blueButton.png; sourceTree = "<group>"; };
		6BDA99B3174A818C00495703 /* blueButtonHighlight.png */ = {isa = PBXFileReference; lastKnownFileType = image.png; path = blueButtonHighlight.png; sourceTree = "<group>"; };
		6BDA99B4174A818C00495703 /* MyProjectInfoViewController.h */ = {isa = PBXFileReference; fileEncoding = 4; lastKnownFileType = sourcecode.c.h; path = MyProjectInfoViewController.h; sourceTree = "<group>"; };
		6BDA99B5174A818C00495703 /* MyProjectInfoViewController.m */ = {isa = PBXFileReference; fileEncoding = 4; lastKnownFileType = sourcecode.c.objc; path = MyProjectInfoViewController.m; sourceTree = "<group>"; };
		6BDA99B6174A818C00495703 /* tanButton.png */ = {isa = PBXFileReference; lastKnownFileType = image.png; path = tanButton.png; sourceTree = "<group>"; };
		6BDA99B7174A818C00495703 /* tanButtonHighlight.png */ = {isa = PBXFileReference; lastKnownFileType = image.png; path = tanButtonHighlight.png; sourceTree = "<group>"; };
		6BDA99BD174A87BF00495703 /* cellimg.png */ = {isa = PBXFileReference; lastKnownFileType = image.png; path = cellimg.png; sourceTree = "<group>"; };
		6BDA99BE174A87BF00495703 /* cellimg2.png */ = {isa = PBXFileReference; lastKnownFileType = image.png; path = cellimg2.png; sourceTree = "<group>"; };
		6BDA99C1174A87C000495703 /* MyTasksTableViewController.h */ = {isa = PBXFileReference; fileEncoding = 4; lastKnownFileType = sourcecode.c.h; path = MyTasksTableViewController.h; sourceTree = "<group>"; };
		6BDA99C2174A87C000495703 /* MyTasksTableViewController.m */ = {isa = PBXFileReference; fileEncoding = 4; lastKnownFileType = sourcecode.c.objc; path = MyTasksTableViewController.m; sourceTree = "<group>"; };
		6BDA99C3174A87C100495703 /* Task.h */ = {isa = PBXFileReference; fileEncoding = 4; lastKnownFileType = sourcecode.c.h; path = Task.h; sourceTree = "<group>"; };
		6BDA99C4174A87C100495703 /* Task.m */ = {isa = PBXFileReference; fileEncoding = 4; lastKnownFileType = sourcecode.c.objc; path = Task.m; sourceTree = "<group>"; };
		6BDA99C5174A87C100495703 /* TaskCell.h */ = {isa = PBXFileReference; fileEncoding = 4; lastKnownFileType = sourcecode.c.h; path = TaskCell.h; sourceTree = "<group>"; };
		6BDA99C6174A87C100495703 /* TaskCell.m */ = {isa = PBXFileReference; fileEncoding = 4; lastKnownFileType = sourcecode.c.objc; path = TaskCell.m; sourceTree = "<group>"; };
		6BDA99C7174A87C200495703 /* TaskCell.xib */ = {isa = PBXFileReference; fileEncoding = 4; lastKnownFileType = file.xib; path = TaskCell.xib; sourceTree = "<group>"; };
		6BDA99CF174AA3E500495703 /* User.h */ = {isa = PBXFileReference; fileEncoding = 4; lastKnownFileType = sourcecode.c.h; path = User.h; sourceTree = "<group>"; };
		6BDA99D0174AA3E500495703 /* User.m */ = {isa = PBXFileReference; fileEncoding = 4; lastKnownFileType = sourcecode.c.objc; path = User.m; sourceTree = "<group>"; };
		6BDA99D2174AACB900495703 /* MyTaskDetailedViewController.h */ = {isa = PBXFileReference; fileEncoding = 4; lastKnownFileType = sourcecode.c.h; path = MyTaskDetailedViewController.h; sourceTree = "<group>"; };
		6BDA99D3174AACB900495703 /* MyTaskDetailedViewController.m */ = {isa = PBXFileReference; fileEncoding = 4; lastKnownFileType = sourcecode.c.objc; path = MyTaskDetailedViewController.m; sourceTree = "<group>"; };
		6BDA99D5174AB52900495703 /* MyTaskEditViewController.h */ = {isa = PBXFileReference; fileEncoding = 4; lastKnownFileType = sourcecode.c.h; path = MyTaskEditViewController.h; sourceTree = "<group>"; };
		6BDA99D6174AB52A00495703 /* MyTaskEditViewController.m */ = {isa = PBXFileReference; fileEncoding = 4; lastKnownFileType = sourcecode.c.objc; path = MyTaskEditViewController.m; sourceTree = "<group>"; };
		6F3AD542174A8BDF001BE473 /* tasks.png */ = {isa = PBXFileReference; lastKnownFileType = image.png; path = tasks.png; sourceTree = "<group>"; };
		6F3AD543174A8BDF001BE473 /* tasks@2x.png */ = {isa = PBXFileReference; lastKnownFileType = image.png; path = "tasks@2x.png"; sourceTree = "<group>"; };
		6F3AD546174AC667001BE473 /* heart2.png */ = {isa = PBXFileReference; lastKnownFileType = image.png; path = heart2.png; sourceTree = "<group>"; };
		6F3AD548174AD9A8001BE473 /* female.png */ = {isa = PBXFileReference; lastKnownFileType = image.png; path = female.png; sourceTree = "<group>"; };
		6F3AD549174AD9A8001BE473 /* male.png */ = {isa = PBXFileReference; lastKnownFileType = image.png; path = male.png; sourceTree = "<group>"; };
		6F878874174932DB00B11B5B /* complete.png */ = {isa = PBXFileReference; lastKnownFileType = image.png; path = complete.png; sourceTree = "<group>"; };
		6F878876174932FA00B11B5B /* inprogress.png */ = {isa = PBXFileReference; lastKnownFileType = image.png; path = inprogress.png; sourceTree = "<group>"; };
		6F87887A174934CB00B11B5B /* coming.png */ = {isa = PBXFileReference; lastKnownFileType = image.png; path = coming.png; sourceTree = "<group>"; };
		6F87887C17493EDB00B11B5B /* MyCategorizedProjectTableViewController.h */ = {isa = PBXFileReference; fileEncoding = 4; lastKnownFileType = sourcecode.c.h; path = MyCategorizedProjectTableViewController.h; sourceTree = "<group>"; };
		6F87887D17493EDB00B11B5B /* MyCategorizedProjectTableViewController.m */ = {isa = PBXFileReference; fileEncoding = 4; lastKnownFileType = sourcecode.c.objc; path = MyCategorizedProjectTableViewController.m; sourceTree = "<group>"; };
		6F87887F17495DF400B11B5B /* MyCreateProjectViewController.h */ = {isa = PBXFileReference; fileEncoding = 4; lastKnownFileType = sourcecode.c.h; path = MyCreateProjectViewController.h; sourceTree = "<group>"; };
		6F87888017495DF400B11B5B /* MyCreateProjectViewController.m */ = {isa = PBXFileReference; fileEncoding = 4; lastKnownFileType = sourcecode.c.objc; path = MyCreateProjectViewController.m; sourceTree = "<group>"; };
		6F878882174964CD00B11B5B /* MyInvitationViewController.m */ = {isa = PBXFileReference; fileEncoding = 4; lastKnownFileType = sourcecode.c.objc; path = MyInvitationViewController.m; sourceTree = "<group>"; };
		6F878883174964CD00B11B5B /* MyInvitationViewController.h */ = {isa = PBXFileReference; fileEncoding = 4; lastKnownFileType = sourcecode.c.h; path = MyInvitationViewController.h; sourceTree = "<group>"; };
		6F87888517496A8100B11B5B /* question.png */ = {isa = PBXFileReference; lastKnownFileType = image.png; path = question.png; sourceTree = "<group>"; };
		6F8788871749778F00B11B5B /* invitations.png */ = {isa = PBXFileReference; lastKnownFileType = image.png; path = invitations.png; sourceTree = "<group>"; };
		6F8788881749778F00B11B5B /* invitations@2x.png */ = {isa = PBXFileReference; lastKnownFileType = image.png; path = "invitations@2x.png"; sourceTree = "<group>"; };
		6FA2E0141746BDB100260EA6 /* Project Mate.app */ = {isa = PBXFileReference; explicitFileType = wrapper.application; includeInIndex = 0; path = "Project Mate.app"; sourceTree = BUILT_PRODUCTS_DIR; };
		6FA2E0171746BDB100260EA6 /* UIKit.framework */ = {isa = PBXFileReference; lastKnownFileType = wrapper.framework; name = UIKit.framework; path = System/Library/Frameworks/UIKit.framework; sourceTree = SDKROOT; };
		6FA2E0191746BDB100260EA6 /* Foundation.framework */ = {isa = PBXFileReference; lastKnownFileType = wrapper.framework; name = Foundation.framework; path = System/Library/Frameworks/Foundation.framework; sourceTree = SDKROOT; };
		6FA2E01B1746BDB100260EA6 /* CoreGraphics.framework */ = {isa = PBXFileReference; lastKnownFileType = wrapper.framework; name = CoreGraphics.framework; path = System/Library/Frameworks/CoreGraphics.framework; sourceTree = SDKROOT; };
		6FA2E01F1746BDB100260EA6 /* Project Mate-Info.plist */ = {isa = PBXFileReference; lastKnownFileType = text.plist.xml; path = "Project Mate-Info.plist"; sourceTree = "<group>"; };
		6FA2E0211746BDB100260EA6 /* en */ = {isa = PBXFileReference; lastKnownFileType = text.plist.strings; name = en; path = en.lproj/InfoPlist.strings; sourceTree = "<group>"; };
		6FA2E0231746BDB100260EA6 /* main.m */ = {isa = PBXFileReference; lastKnownFileType = sourcecode.c.objc; path = main.m; sourceTree = "<group>"; };
		6FA2E0251746BDB100260EA6 /* Project Mate-Prefix.pch */ = {isa = PBXFileReference; lastKnownFileType = sourcecode.c.h; path = "Project Mate-Prefix.pch"; sourceTree = "<group>"; };
		6FA2E0261746BDB100260EA6 /* MyAppDelegate.h */ = {isa = PBXFileReference; lastKnownFileType = sourcecode.c.h; path = MyAppDelegate.h; sourceTree = "<group>"; };
		6FA2E0271746BDB100260EA6 /* MyAppDelegate.m */ = {isa = PBXFileReference; lastKnownFileType = sourcecode.c.objc; path = MyAppDelegate.m; sourceTree = "<group>"; };
		6FA2E0291746BDB100260EA6 /* Default.png */ = {isa = PBXFileReference; lastKnownFileType = image.png; path = Default.png; sourceTree = "<group>"; };
		6FA2E02B1746BDB100260EA6 /* Default@2x.png */ = {isa = PBXFileReference; lastKnownFileType = image.png; path = "Default@2x.png"; sourceTree = "<group>"; };
		6FA2E02D1746BDB100260EA6 /* Default-568h@2x.png */ = {isa = PBXFileReference; lastKnownFileType = image.png; path = "Default-568h@2x.png"; sourceTree = "<group>"; };
		6FA2E0341746BDF900260EA6 /* MyTabBarController.h */ = {isa = PBXFileReference; fileEncoding = 4; lastKnownFileType = sourcecode.c.h; path = MyTabBarController.h; sourceTree = "<group>"; };
		6FA2E0351746BDF900260EA6 /* MyTabBarController.m */ = {isa = PBXFileReference; fileEncoding = 4; lastKnownFileType = sourcecode.c.objc; path = MyTabBarController.m; sourceTree = "<group>"; };
		6FA2E0371746BFCD00260EA6 /* MyLoginViewController.h */ = {isa = PBXFileReference; fileEncoding = 4; lastKnownFileType = sourcecode.c.h; path = MyLoginViewController.h; sourceTree = "<group>"; };
		6FA2E0381746BFCD00260EA6 /* MyLoginViewController.m */ = {isa = PBXFileReference; fileEncoding = 4; lastKnownFileType = sourcecode.c.objc; path = MyLoginViewController.m; sourceTree = "<group>"; };
		6FA2E0391746BFCD00260EA6 /* MyLoginViewController.xib */ = {isa = PBXFileReference; fileEncoding = 4; lastKnownFileType = file.xib; path = MyLoginViewController.xib; sourceTree = "<group>"; };
		6FA2E042174738EC00260EA6 /* Security.framework */ = {isa = PBXFileReference; lastKnownFileType = wrapper.framework; name = Security.framework; path = System/Library/Frameworks/Security.framework; sourceTree = SDKROOT; };
		6FA2E04D1747583700260EA6 /* Wallpaper_Purple.png */ = {isa = PBXFileReference; lastKnownFileType = image.png; path = Wallpaper_Purple.png; sourceTree = "<group>"; };
		6FA2E04F1747C5D600260EA6 /* QuartzCore.framework */ = {isa = PBXFileReference; lastKnownFileType = wrapper.framework; name = QuartzCore.framework; path = System/Library/Frameworks/QuartzCore.framework; sourceTree = SDKROOT; };
		6FA2E0511747FC0200260EA6 /* MySignUpViewController.h */ = {isa = PBXFileReference; fileEncoding = 4; lastKnownFileType = sourcecode.c.h; path = MySignUpViewController.h; sourceTree = "<group>"; };
		6FA2E0521747FC0200260EA6 /* MySignUpViewController.m */ = {isa = PBXFileReference; fileEncoding = 4; lastKnownFileType = sourcecode.c.objc; path = MySignUpViewController.m; sourceTree = "<group>"; };
		6FA2E0531747FC0200260EA6 /* MySignUpViewController.xib */ = {isa = PBXFileReference; fileEncoding = 4; lastKnownFileType = file.xib; path = MySignUpViewController.xib; sourceTree = "<group>"; };
		6FA2E05617480D1800260EA6 /* projmate.storyboard */ = {isa = PBXFileReference; fileEncoding = 4; lastKnownFileType = file.storyboard; path = projmate.storyboard; sourceTree = "<group>"; };
		6FE35E781748760900535DC3 /* MySettingsViewController.h */ = {isa = PBXFileReference; fileEncoding = 4; lastKnownFileType = sourcecode.c.h; path = MySettingsViewController.h; sourceTree = "<group>"; };
		6FE35E791748760900535DC3 /* MySettingsViewController.m */ = {isa = PBXFileReference; fileEncoding = 4; lastKnownFileType = sourcecode.c.objc; path = MySettingsViewController.m; sourceTree = "<group>"; };
		6FE35E7A1748760900535DC3 /* MySettingsViewController.xib */ = {isa = PBXFileReference; fileEncoding = 4; lastKnownFileType = file.xib; path = MySettingsViewController.xib; sourceTree = "<group>"; };
		6FE35E7D174876C000535DC3 /* red button.png */ = {isa = PBXFileReference; lastKnownFileType = image.png; path = "red button.png"; sourceTree = "<group>"; };
		6FE35E7F17487CE700535DC3 /* MyProjectTableViewController.h */ = {isa = PBXFileReference; fileEncoding = 4; lastKnownFileType = sourcecode.c.h; path = MyProjectTableViewController.h; sourceTree = "<group>"; };
		6FE35E8017487CE700535DC3 /* MyProjectTableViewController.m */ = {isa = PBXFileReference; fileEncoding = 4; lastKnownFileType = sourcecode.c.objc; path = MyProjectTableViewController.m; sourceTree = "<group>"; };
		6FE35E821748880400535DC3 /* settings.png */ = {isa = PBXFileReference; lastKnownFileType = image.png; path = settings.png; sourceTree = "<group>"; };
		6FE35E831748880400535DC3 /* settings@2x.png */ = {isa = PBXFileReference; lastKnownFileType = image.png; path = "settings@2x.png"; sourceTree = "<group>"; };
		6FE35E8617488CA300535DC3 /* projects.png */ = {isa = PBXFileReference; lastKnownFileType = image.png; path = projects.png; sourceTree = "<group>"; };
		6FE35E8717488CA300535DC3 /* projects@2x.png */ = {isa = PBXFileReference; lastKnownFileType = image.png; path = "projects@2x.png"; sourceTree = "<group>"; };
		6FE35E8A1748D05400535DC3 /* arrow.png */ = {isa = PBXFileReference; lastKnownFileType = image.png; path = arrow.png; sourceTree = "<group>"; };
		6FE35E8C1748D28400535DC3 /* heart.png */ = {isa = PBXFileReference; lastKnownFileType = image.png; path = heart.png; sourceTree = "<group>"; };
		6FE35E8E1748D2CD00535DC3 /* check.png */ = {isa = PBXFileReference; lastKnownFileType = image.png; path = check.png; sourceTree = "<group>"; };
		6FE35E901748D31E00535DC3 /* exclamation.png */ = {isa = PBXFileReference; lastKnownFileType = image.png; path = exclamation.png; sourceTree = "<group>"; };
		6FE35E921748D65000535DC3 /* MyProject.h */ = {isa = PBXFileReference; fileEncoding = 4; lastKnownFileType = sourcecode.c.h; path = MyProject.h; sourceTree = "<group>"; };
		6FE35E931748D65000535DC3 /* MyProject.m */ = {isa = PBXFileReference; fileEncoding = 4; lastKnownFileType = sourcecode.c.objc; path = MyProject.m; sourceTree = "<group>"; };
/* End PBXFileReference section */

/* Begin PBXFrameworksBuildPhase section */
		6FA2E0111746BDB100260EA6 /* Frameworks */ = {
			isa = PBXFrameworksBuildPhase;
			buildActionMask = 2147483647;
			files = (
				6FA2E0501747C5D600260EA6 /* QuartzCore.framework in Frameworks */,
				6FA2E043174738EC00260EA6 /* Security.framework in Frameworks */,
				6FA2E0181746BDB100260EA6 /* UIKit.framework in Frameworks */,
				6FA2E01A1746BDB100260EA6 /* Foundation.framework in Frameworks */,
				6FA2E01C1746BDB100260EA6 /* CoreGraphics.framework in Frameworks */,
			);
			runOnlyForDeploymentPostprocessing = 0;
		};
/* End PBXFrameworksBuildPhase section */

/* Begin PBXGroup section */
		6FA2E00B1746BDB100260EA6 = {
			isa = PBXGroup;
			children = (
				6FA2E01D1746BDB100260EA6 /* Project Mate */,
				6FA2E0161746BDB100260EA6 /* Frameworks */,
				6FA2E0151746BDB100260EA6 /* Products */,
			);
			sourceTree = "<group>";
		};
		6FA2E0151746BDB100260EA6 /* Products */ = {
			isa = PBXGroup;
			children = (
				6FA2E0141746BDB100260EA6 /* Project Mate.app */,
			);
			name = Products;
			sourceTree = "<group>";
		};
		6FA2E0161746BDB100260EA6 /* Frameworks */ = {
			isa = PBXGroup;
			children = (
				6FA2E04F1747C5D600260EA6 /* QuartzCore.framework */,
				6FA2E042174738EC00260EA6 /* Security.framework */,
				6FA2E0171746BDB100260EA6 /* UIKit.framework */,
				6FA2E0191746BDB100260EA6 /* Foundation.framework */,
				6FA2E01B1746BDB100260EA6 /* CoreGraphics.framework */,
			);
			name = Frameworks;
			sourceTree = "<group>";
		};
		6FA2E01D1746BDB100260EA6 /* Project Mate */ = {
			isa = PBXGroup;
			children = (
				6BDA99BD174A87BF00495703 /* cellimg.png */,
				6BDA99BE174A87BF00495703 /* cellimg2.png */,
				6BDA99C3174A87C100495703 /* Task.h */,
				6BDA99C4174A87C100495703 /* Task.m */,
				6BDA99C5174A87C100495703 /* TaskCell.h */,
				6BDA99C6174A87C100495703 /* TaskCell.m */,
				6BDA99C7174A87C200495703 /* TaskCell.xib */,
				6BDA99B2174A818C00495703 /* blueButton.png */,
				6BDA99B3174A818C00495703 /* blueButtonHighlight.png */,
				6BDA99B4174A818C00495703 /* MyProjectInfoViewController.h */,
				6BDA99B5174A818C00495703 /* MyProjectInfoViewController.m */,
				6BDA99B6174A818C00495703 /* tanButton.png */,
				6BDA99B7174A818C00495703 /* tanButtonHighlight.png */,
				6FA2E0261746BDB100260EA6 /* MyAppDelegate.h */,
				6FA2E0271746BDB100260EA6 /* MyAppDelegate.m */,
				6FA2E0371746BFCD00260EA6 /* MyLoginViewController.h */,
				6FA2E0381746BFCD00260EA6 /* MyLoginViewController.m */,
				6FA2E0391746BFCD00260EA6 /* MyLoginViewController.xib */,
				6FA2E0511747FC0200260EA6 /* MySignUpViewController.h */,
				6FA2E0521747FC0200260EA6 /* MySignUpViewController.m */,
				6FA2E0531747FC0200260EA6 /* MySignUpViewController.xib */,
				6FA2E0341746BDF900260EA6 /* MyTabBarController.h */,
				6FA2E0351746BDF900260EA6 /* MyTabBarController.m */,
				6FE35E7F17487CE700535DC3 /* MyProjectTableViewController.h */,
				6FE35E8017487CE700535DC3 /* MyProjectTableViewController.m */,
				6F87887C17493EDB00B11B5B /* MyCategorizedProjectTableViewController.h */,
				6F87887D17493EDB00B11B5B /* MyCategorizedProjectTableViewController.m */,
				6F87887F17495DF400B11B5B /* MyCreateProjectViewController.h */,
				6F87888017495DF400B11B5B /* MyCreateProjectViewController.m */,
				6FE35E921748D65000535DC3 /* MyProject.h */,
				6FE35E931748D65000535DC3 /* MyProject.m */,
				6BDA99C1174A87C000495703 /* MyTasksTableViewController.h */,
				6BDA99C2174A87C000495703 /* MyTasksTableViewController.m */,
				6BDA99D2174AACB900495703 /* MyTaskDetailedViewController.h */,
				6BDA99D3174AACB900495703 /* MyTaskDetailedViewController.m */,
				6BDA99D5174AB52900495703 /* MyTaskEditViewController.h */,
				6BDA99D6174AB52A00495703 /* MyTaskEditViewController.m */,
				6F878883174964CD00B11B5B /* MyInvitationViewController.h */,
				6F878882174964CD00B11B5B /* MyInvitationViewController.m */,
				6FE35E781748760900535DC3 /* MySettingsViewController.h */,
				6FE35E791748760900535DC3 /* MySettingsViewController.m */,
				6FE35E7A1748760900535DC3 /* MySettingsViewController.xib */,
				6FA2E04D1747583700260EA6 /* Wallpaper_Purple.png */,
				6FE35E7D174876C000535DC3 /* red button.png */,
				6FE35E8617488CA300535DC3 /* projects.png */,
				6FE35E8717488CA300535DC3 /* projects@2x.png */,
				6F3AD542174A8BDF001BE473 /* tasks.png */,
				6F3AD543174A8BDF001BE473 /* tasks@2x.png */,
				6FE35E821748880400535DC3 /* settings.png */,
				6FE35E831748880400535DC3 /* settings@2x.png */,
				6F8788871749778F00B11B5B /* invitations.png */,
				6F8788881749778F00B11B5B /* invitations@2x.png */,
				6FE35E8A1748D05400535DC3 /* arrow.png */,
				6FE35E901748D31E00535DC3 /* exclamation.png */,
				6FE35E8E1748D2CD00535DC3 /* check.png */,
				6FE35E8C1748D28400535DC3 /* heart.png */,
				6F878876174932FA00B11B5B /* inprogress.png */,
				6F87887A174934CB00B11B5B /* coming.png */,
				6F878874174932DB00B11B5B /* complete.png */,
				6F87888517496A8100B11B5B /* question.png */,
				6F3AD546174AC667001BE473 /* heart2.png */,
				6F3AD548174AD9A8001BE473 /* female.png */,
				6F3AD549174AD9A8001BE473 /* male.png */,
				6FA2E01E1746BDB100260EA6 /* Supporting Files */,
				6FA2E05617480D1800260EA6 /* projmate.storyboard */,
				6BDA99CF174AA3E500495703 /* User.h */,
				6BDA99D0174AA3E500495703 /* User.m */,
			);
			path = "Project Mate";
			sourceTree = "<group>";
		};
		6FA2E01E1746BDB100260EA6 /* Supporting Files */ = {
			isa = PBXGroup;
			children = (
				6FA2E01F1746BDB100260EA6 /* Project Mate-Info.plist */,
				6FA2E0201746BDB100260EA6 /* InfoPlist.strings */,
				6FA2E0231746BDB100260EA6 /* main.m */,
				6FA2E0251746BDB100260EA6 /* Project Mate-Prefix.pch */,
				6FA2E0291746BDB100260EA6 /* Default.png */,
				6FA2E02B1746BDB100260EA6 /* Default@2x.png */,
				6FA2E02D1746BDB100260EA6 /* Default-568h@2x.png */,
			);
			name = "Supporting Files";
			sourceTree = "<group>";
		};
/* End PBXGroup section */

/* Begin PBXNativeTarget section */
		6FA2E0131746BDB100260EA6 /* Project Mate */ = {
			isa = PBXNativeTarget;
			buildConfigurationList = 6FA2E0311746BDB100260EA6 /* Build configuration list for PBXNativeTarget "Project Mate" */;
			buildPhases = (
				6FA2E0101746BDB100260EA6 /* Sources */,
				6FA2E0111746BDB100260EA6 /* Frameworks */,
				6FA2E0121746BDB100260EA6 /* Resources */,
			);
			buildRules = (
			);
			dependencies = (
			);
			name = "Project Mate";
			productName = "Project Mate";
			productReference = 6FA2E0141746BDB100260EA6 /* Project Mate.app */;
			productType = "com.apple.product-type.application";
		};
/* End PBXNativeTarget section */

/* Begin PBXProject section */
		6FA2E00C1746BDB100260EA6 /* Project object */ = {
			isa = PBXProject;
			attributes = {
				CLASSPREFIX = My;
				LastUpgradeCheck = 0460;
				ORGANIZATIONNAME = "Cloud Computing";
			};
			buildConfigurationList = 6FA2E00F1746BDB100260EA6 /* Build configuration list for PBXProject "Project Mate" */;
			compatibilityVersion = "Xcode 3.2";
			developmentRegion = English;
			hasScannedForEncodings = 0;
			knownRegions = (
				en,
			);
			mainGroup = 6FA2E00B1746BDB100260EA6;
			productRefGroup = 6FA2E0151746BDB100260EA6 /* Products */;
			projectDirPath = "";
			projectRoot = "";
			targets = (
				6FA2E0131746BDB100260EA6 /* Project Mate */,
			);
		};
/* End PBXProject section */

/* Begin PBXResourcesBuildPhase section */
		6FA2E0121746BDB100260EA6 /* Resources */ = {
			isa = PBXResourcesBuildPhase;
			buildActionMask = 2147483647;
			files = (
				6FA2E0221746BDB100260EA6 /* InfoPlist.strings in Resources */,
				6FA2E02A1746BDB100260EA6 /* Default.png in Resources */,
				6FA2E02C1746BDB100260EA6 /* Default@2x.png in Resources */,
				6FA2E02E1746BDB100260EA6 /* Default-568h@2x.png in Resources */,
				6FA2E03B1746BFCD00260EA6 /* MyLoginViewController.xib in Resources */,
				6FA2E04E1747583700260EA6 /* Wallpaper_Purple.png in Resources */,
				6FA2E0551747FC0200260EA6 /* MySignUpViewController.xib in Resources */,
				6FA2E05717480D1800260EA6 /* projmate.storyboard in Resources */,
				6FE35E7C1748760A00535DC3 /* MySettingsViewController.xib in Resources */,
				6FE35E7E174876C000535DC3 /* red button.png in Resources */,
				6FE35E841748880500535DC3 /* settings.png in Resources */,
				6FE35E851748880500535DC3 /* settings@2x.png in Resources */,
				6FE35E8817488CA300535DC3 /* projects.png in Resources */,
				6FE35E8917488CA300535DC3 /* projects@2x.png in Resources */,
				6FE35E8B1748D05400535DC3 /* arrow.png in Resources */,
				6FE35E8D1748D28400535DC3 /* heart.png in Resources */,
				6FE35E8F1748D2CE00535DC3 /* check.png in Resources */,
				6FE35E911748D31E00535DC3 /* exclamation.png in Resources */,
				6F878875174932DB00B11B5B /* complete.png in Resources */,
				6F878877174932FA00B11B5B /* inprogress.png in Resources */,
				6F87887B174934CB00B11B5B /* coming.png in Resources */,
				6F87888617496A8100B11B5B /* question.png in Resources */,
				6F8788891749778F00B11B5B /* invitations.png in Resources */,
				6F87888A1749778F00B11B5B /* invitations@2x.png in Resources */,
				6BDA99B8174A818D00495703 /* blueButton.png in Resources */,
				6BDA99B9174A818D00495703 /* blueButtonHighlight.png in Resources */,
				6BDA99BB174A818D00495703 /* tanButton.png in Resources */,
				6BDA99BC174A818D00495703 /* tanButtonHighlight.png in Resources */,
				6BDA99C8174A87C200495703 /* cellimg.png in Resources */,
				6BDA99C9174A87C200495703 /* cellimg2.png in Resources */,
				6BDA99CE174A87C200495703 /* TaskCell.xib in Resources */,
				6F3AD544174A8BDF001BE473 /* tasks.png in Resources */,
				6F3AD545174A8BDF001BE473 /* tasks@2x.png in Resources */,
				6F3AD547174AC667001BE473 /* heart2.png in Resources */,
				6F3AD54A174AD9A9001BE473 /* female.png in Resources */,
				6F3AD54B174AD9A9001BE473 /* male.png in Resources */,
			);
			runOnlyForDeploymentPostprocessing = 0;
		};
/* End PBXResourcesBuildPhase section */

/* Begin PBXSourcesBuildPhase section */
		6FA2E0101746BDB100260EA6 /* Sources */ = {
			isa = PBXSourcesBuildPhase;
			buildActionMask = 2147483647;
			files = (
				6FA2E0241746BDB100260EA6 /* main.m in Sources */,
				6FA2E0281746BDB100260EA6 /* MyAppDelegate.m in Sources */,
				6FA2E0361746BDF900260EA6 /* MyTabBarController.m in Sources */,
				6FA2E03A1746BFCD00260EA6 /* MyLoginViewController.m in Sources */,
				6FA2E0541747FC0200260EA6 /* MySignUpViewController.m in Sources */,
				6FE35E7B1748760A00535DC3 /* MySettingsViewController.m in Sources */,
				6FE35E8117487CE700535DC3 /* MyProjectTableViewController.m in Sources */,
				6FE35E941748D65000535DC3 /* MyProject.m in Sources */,
				6F87887E17493EDB00B11B5B /* MyCategorizedProjectTableViewController.m in Sources */,
				6F87888117495DF400B11B5B /* MyCreateProjectViewController.m in Sources */,
				6F878884174964CD00B11B5B /* MyInvitationViewController.m in Sources */,
				6BDA99BA174A818D00495703 /* MyProjectInfoViewController.m in Sources */,
				6BDA99CB174A87C200495703 /* MyTasksTableViewController.m in Sources */,
				6BDA99CC174A87C200495703 /* Task.m in Sources */,
				6BDA99CD174A87C200495703 /* TaskCell.m in Sources */,
				6BDA99D1174AA3E500495703 /* User.m in Sources */,
				6BDA99D4174AACBA00495703 /* MyTaskDetailedViewController.m in Sources */,
				6BDA99D7174AB52B00495703 /* MyTaskEditViewController.m in Sources */,
			);
			runOnlyForDeploymentPostprocessing = 0;
		};
/* End PBXSourcesBuildPhase section */

/* Begin PBXVariantGroup section */
		6FA2E0201746BDB100260EA6 /* InfoPlist.strings */ = {
			isa = PBXVariantGroup;
			children = (
				6FA2E0211746BDB100260EA6 /* en */,
			);
			name = InfoPlist.strings;
			sourceTree = "<group>";
		};
/* End PBXVariantGroup section */

/* Begin XCBuildConfiguration section */
		6FA2E02F1746BDB100260EA6 /* Debug */ = {
			isa = XCBuildConfiguration;
			buildSettings = {
				ALWAYS_SEARCH_USER_PATHS = NO;
				CLANG_CXX_LANGUAGE_STANDARD = "gnu++0x";
				CLANG_CXX_LIBRARY = "libc++";
				CLANG_ENABLE_OBJC_ARC = YES;
				CLANG_WARN_CONSTANT_CONVERSION = YES;
				CLANG_WARN_EMPTY_BODY = YES;
				CLANG_WARN_ENUM_CONVERSION = YES;
				CLANG_WARN_INT_CONVERSION = YES;
				CLANG_WARN__DUPLICATE_METHOD_MATCH = YES;
				"CODE_SIGN_IDENTITY[sdk=iphoneos*]" = "iPhone Developer";
				COPY_PHASE_STRIP = NO;
				GCC_C_LANGUAGE_STANDARD = gnu99;
				GCC_DYNAMIC_NO_PIC = NO;
				GCC_OPTIMIZATION_LEVEL = 0;
				GCC_PREPROCESSOR_DEFINITIONS = (
					"DEBUG=1",
					"$(inherited)",
				);
				GCC_SYMBOLS_PRIVATE_EXTERN = NO;
				GCC_WARN_ABOUT_RETURN_TYPE = YES;
				GCC_WARN_UNINITIALIZED_AUTOS = YES;
				GCC_WARN_UNUSED_VARIABLE = YES;
				IPHONEOS_DEPLOYMENT_TARGET = 6.1;
				ONLY_ACTIVE_ARCH = YES;
				SDKROOT = iphoneos;
			};
			name = Debug;
		};
		6FA2E0301746BDB100260EA6 /* Release */ = {
			isa = XCBuildConfiguration;
			buildSettings = {
				ALWAYS_SEARCH_USER_PATHS = NO;
				CLANG_CXX_LANGUAGE_STANDARD = "gnu++0x";
				CLANG_CXX_LIBRARY = "libc++";
				CLANG_ENABLE_OBJC_ARC = YES;
				CLANG_WARN_CONSTANT_CONVERSION = YES;
				CLANG_WARN_EMPTY_BODY = YES;
				CLANG_WARN_ENUM_CONVERSION = YES;
				CLANG_WARN_INT_CONVERSION = YES;
				CLANG_WARN__DUPLICATE_METHOD_MATCH = YES;
				"CODE_SIGN_IDENTITY[sdk=iphoneos*]" = "iPhone Developer";
				COPY_PHASE_STRIP = YES;
				GCC_C_LANGUAGE_STANDARD = gnu99;
				GCC_WARN_ABOUT_RETURN_TYPE = YES;
				GCC_WARN_UNINITIALIZED_AUTOS = YES;
				GCC_WARN_UNUSED_VARIABLE = YES;
				IPHONEOS_DEPLOYMENT_TARGET = 6.1;
				OTHER_CFLAGS = "-DNS_BLOCK_ASSERTIONS=1";
				SDKROOT = iphoneos;
				VALIDATE_PRODUCT = YES;
			};
			name = Release;
		};
		6FA2E0321746BDB100260EA6 /* Debug */ = {
			isa = XCBuildConfiguration;
			buildSettings = {
				GCC_PRECOMPILE_PREFIX_HEADER = YES;
				GCC_PREFIX_HEADER = "Project Mate/Project Mate-Prefix.pch";
				INFOPLIST_FILE = "Project Mate/Project Mate-Info.plist";
				PRODUCT_NAME = "$(TARGET_NAME)";
				WRAPPER_EXTENSION = app;
			};
			name = Debug;
		};
		6FA2E0331746BDB100260EA6 /* Release */ = {
			isa = XCBuildConfiguration;
			buildSettings = {
				GCC_PRECOMPILE_PREFIX_HEADER = YES;
				GCC_PREFIX_HEADER = "Project Mate/Project Mate-Prefix.pch";
				INFOPLIST_FILE = "Project Mate/Project Mate-Info.plist";
				PRODUCT_NAME = "$(TARGET_NAME)";
				WRAPPER_EXTENSION = app;
			};
			name = Release;
		};
/* End XCBuildConfiguration section */

/* Begin XCConfigurationList section */
		6FA2E00F1746BDB100260EA6 /* Build configuration list for PBXProject "Project Mate" */ = {
			isa = XCConfigurationList;
			buildConfigurations = (
				6FA2E02F1746BDB100260EA6 /* Debug */,
				6FA2E0301746BDB100260EA6 /* Release */,
			);
			defaultConfigurationIsVisible = 0;
			defaultConfigurationName = Release;
		};
		6FA2E0311746BDB100260EA6 /* Build configuration list for PBXNativeTarget "Project Mate" */ = {
			isa = XCConfigurationList;
			buildConfigurations = (
				6FA2E0321746BDB100260EA6 /* Debug */,
				6FA2E0331746BDB100260EA6 /* Release */,
			);
			defaultConfigurationIsVisible = 0;
			defaultConfigurationName = Release;
		};
/* End XCConfigurationList section */
	};
	rootObject = 6FA2E00C1746BDB100260EA6 /* Project object */;
}
